{
  "name": "dom-app",
  "version": "1.0.0",
  "lockfileVersion": 1,
  "requires": true,
  "dependencies": {
    "object-fit-math": {
      "version": "1.0.0",
      "resolved": "https://registry.npmjs.org/object-fit-math/-/object-fit-math-1.0.0.tgz",
      "integrity": "sha512-SqsfEKO6OoHR1K3r5E7JpJoloN6Wd5zPZr0QAo0DAI/zjpadPNcajoUhNvrGUcDHDaF8LEQKCgiiz0+p7lVGeg=="
    }
  }
}
