{
  "name": "dom-app",
  "version": "0.1.1",
  "lockfileVersion": 2,
  "requires": true,
  "packages": {
    "": {
      "version": "0.1.1",
      "license": "MIT",
      "dependencies": {
        "@mojule/spa-router": "^0.1.1",
        "@rgba-image/clone": "^0.1.0",
        "@rgba-image/color": "^0.1.1",
        "@rgba-image/copy": "^0.1.2",
        "@rgba-image/fill": "^0.1.0",
        "@rgba-image/gray": "^0.1.0",
        "@rgba-image/paste": "^0.1.1",
        "@rgba-image/pixel": "^0.1.4",
        "object-fit-math": "^1.0.0"
      }
    },
    "node_modules/@mojule/spa-router": {
      "version": "0.1.1",
      "resolved": "https://registry.npmjs.org/@mojule/spa-router/-/spa-router-0.1.1.tgz",
      "integrity": "sha512-heyo68EA+RduPYT/FwfRWmUQDP+uL4ZcWLBhRIz9x0SIfmLxVt4oQyi2zSuhZ+/oERFzuOCwg4wfd2VPznOLLg==",
      "dependencies": {
        "path-to-regexp": "^3.0.0"
      }
    },
    "node_modules/@rgba-image/clone": {
      "version": "0.1.0",
      "resolved": "https://registry.npmjs.org/@rgba-image/clone/-/clone-0.1.0.tgz",
      "integrity": "sha512-G9z2J6qxbkAJXHhSNwtYfUJoku63qVf8f/CpqteMBFkSM/2ZPpGR87+V/5T30ETvKeAflegPqBLPGMSU6SNZnA==",
      "dependencies": {
        "@rgba-image/common": "^0.1.0",
        "@rgba-image/create-image": "^0.1.1"
      }
    },
    "node_modules/@rgba-image/color": {
      "version": "0.1.1",
      "resolved": "https://registry.npmjs.org/@rgba-image/color/-/color-0.1.1.tgz",
      "integrity": "sha512-JcHOwDNa7rxCGiWviFLI0XWqvQwzxS4jmGQhlNB/cJ0SWW+aYEQkgkdWwnaj1ev2mJ8Y8NrPCdN57cFjAj30sA==",
      "dependencies": {
        "@rgba-image/common": "^0.1.12"
      }
    },
    "node_modules/@rgba-image/common": {
      "version": "0.1.13",
      "resolved": "https://registry.npmjs.org/@rgba-image/common/-/common-0.1.13.tgz",
      "integrity": "sha512-AnOBmBpjSgcymTuVhTGy+RB4FfmEQqR2GeJY3d3xfvR9fl3HfhzwgVqopuh3bKSAT6KRpJr7wNmug0qr3oI7bA=="
    },
    "node_modules/@rgba-image/copy": {
      "version": "0.1.2",
      "resolved": "https://registry.npmjs.org/@rgba-image/copy/-/copy-0.1.2.tgz",
      "integrity": "sha512-N1t4aw0lvvGSToyoy6IgYOEEDDGEgFCL1ZP8PNfcT9f0EjmXBD+AbrJhMy4gTyq7kcxpQM3vO1fKXl0qGMUyEA==",
      "dependencies": {
        "@rgba-image/common": "^0.1.0"
      }
    },
    "node_modules/@rgba-image/create-image": {
      "version": "0.1.1",
      "resolved": "https://registry.npmjs.org/@rgba-image/create-image/-/create-image-0.1.1.tgz",
      "integrity": "sha512-ndExUNyi9Ooa/OZqiJS53vYrQ48FX7MDmMrEslDxhsorDsXpeKI9w689r4AYhT9CF9KZlBe8SmI++3BwSvvwAQ==",
      "dependencies": {
        "@rgba-image/common": "^0.1.0"
      }
    },
    "node_modules/@rgba-image/fill": {
      "version": "0.1.0",
      "resolved": "https://registry.npmjs.org/@rgba-image/fill/-/fill-0.1.0.tgz",
      "integrity": "sha512-7+Z1lZUzmLOwSeejLgaOzSiLehwncijWE62YYxXJQdzmIRI1PlkkR9SpB1BUswsS3aELMOsINp6onKI4LDmUhg==",
      "dependencies": {
        "@rgba-image/common": "^0.1.0"
      }
    },
    "node_modules/@rgba-image/gray": {
      "version": "0.1.0",
      "resolved": "https://registry.npmjs.org/@rgba-image/gray/-/gray-0.1.0.tgz",
      "integrity": "sha512-+2ggITFf9ZukHHrRugGI8Anb7CyY0IJo/K0Xl5K0LifbSKJZ4mLK9/qt4q/CT2zy73Ru0y57DifbhbllNpVEzw==",
      "dependencies": {
        "@rgba-image/common": "^0.1.2",
        "@rgba-image/create-image": "^0.1.1"
      }
    },
    "node_modules/@rgba-image/paste": {
      "version": "0.1.1",
      "resolved": "https://registry.npmjs.org/@rgba-image/paste/-/paste-0.1.1.tgz",
      "integrity": "sha512-ojh0ozPJhpSjd9DbZcmMfYf9hPoPcAtjkJELVmrLPY9/WfQf3TtMhgOpathHu7B+aiU+xSd9Kj35hkhAM6fpRg==",
      "dependencies": {
        "@rgba-image/common": "^0.1.0"
      }
    },
    "node_modules/@rgba-image/pixel": {
      "version": "0.1.4",
      "resolved": "https://registry.npmjs.org/@rgba-image/pixel/-/pixel-0.1.4.tgz",
      "integrity": "sha512-JvzMqR87g2aWTEGwmbbigndIGbRphzPI0YO7fQAljh4DJiy69kMeYs61oW/Af+xvsBplBVFXi/MJW0Gc90U1cg==",
      "dependencies": {
        "@rgba-image/color": "^0.1.0",
        "@rgba-image/common": "^0.1.13"
      }
    },
    "node_modules/object-fit-math": {
      "version": "1.0.0",
      "resolved": "https://registry.npmjs.org/object-fit-math/-/object-fit-math-1.0.0.tgz",
      "integrity": "sha512-SqsfEKO6OoHR1K3r5E7JpJoloN6Wd5zPZr0QAo0DAI/zjpadPNcajoUhNvrGUcDHDaF8LEQKCgiiz0+p7lVGeg=="
    },
    "node_modules/path-to-regexp": {
      "version": "3.2.0",
      "resolved": "https://registry.npmjs.org/path-to-regexp/-/path-to-regexp-3.2.0.tgz",
      "integrity": "sha512-jczvQbCUS7XmS7o+y1aEO9OBVFeZBQ1MDSEqmO7xSoPgOPoowY/SxLpZ6Vh97/8qHZOteiCKb7gkG9gA2ZUxJA=="
    }
  },
  "dependencies": {
    "@mojule/spa-router": {
      "version": "0.1.1",
      "resolved": "https://registry.npmjs.org/@mojule/spa-router/-/spa-router-0.1.1.tgz",
      "integrity": "sha512-heyo68EA+RduPYT/FwfRWmUQDP+uL4ZcWLBhRIz9x0SIfmLxVt4oQyi2zSuhZ+/oERFzuOCwg4wfd2VPznOLLg==",
      "requires": {
        "path-to-regexp": "^3.0.0"
      }
    },
    "@rgba-image/clone": {
      "version": "0.1.0",
      "resolved": "https://registry.npmjs.org/@rgba-image/clone/-/clone-0.1.0.tgz",
      "integrity": "sha512-G9z2J6qxbkAJXHhSNwtYfUJoku63qVf8f/CpqteMBFkSM/2ZPpGR87+V/5T30ETvKeAflegPqBLPGMSU6SNZnA==",
      "requires": {
        "@rgba-image/common": "^0.1.0",
        "@rgba-image/create-image": "^0.1.1"
      }
    },
    "@rgba-image/color": {
      "version": "0.1.1",
      "resolved": "https://registry.npmjs.org/@rgba-image/color/-/color-0.1.1.tgz",
      "integrity": "sha512-JcHOwDNa7rxCGiWviFLI0XWqvQwzxS4jmGQhlNB/cJ0SWW+aYEQkgkdWwnaj1ev2mJ8Y8NrPCdN57cFjAj30sA==",
      "requires": {
        "@rgba-image/common": "^0.1.12"
      }
    },
    "@rgba-image/common": {
      "version": "0.1.13",
      "resolved": "https://registry.npmjs.org/@rgba-image/common/-/common-0.1.13.tgz",
      "integrity": "sha512-AnOBmBpjSgcymTuVhTGy+RB4FfmEQqR2GeJY3d3xfvR9fl3HfhzwgVqopuh3bKSAT6KRpJr7wNmug0qr3oI7bA=="
    },
    "@rgba-image/copy": {
      "version": "0.1.2",
      "resolved": "https://registry.npmjs.org/@rgba-image/copy/-/copy-0.1.2.tgz",
      "integrity": "sha512-N1t4aw0lvvGSToyoy6IgYOEEDDGEgFCL1ZP8PNfcT9f0EjmXBD+AbrJhMy4gTyq7kcxpQM3vO1fKXl0qGMUyEA==",
      "requires": {
        "@rgba-image/common": "^0.1.0"
      }
    },
    "@rgba-image/create-image": {
      "version": "0.1.1",
      "resolved": "https://registry.npmjs.org/@rgba-image/create-image/-/create-image-0.1.1.tgz",
      "integrity": "sha512-ndExUNyi9Ooa/OZqiJS53vYrQ48FX7MDmMrEslDxhsorDsXpeKI9w689r4AYhT9CF9KZlBe8SmI++3BwSvvwAQ==",
      "requires": {
        "@rgba-image/common": "^0.1.0"
      }
    },
    "@rgba-image/fill": {
      "version": "0.1.0",
      "resolved": "https://registry.npmjs.org/@rgba-image/fill/-/fill-0.1.0.tgz",
      "integrity": "sha512-7+Z1lZUzmLOwSeejLgaOzSiLehwncijWE62YYxXJQdzmIRI1PlkkR9SpB1BUswsS3aELMOsINp6onKI4LDmUhg==",
      "requires": {
        "@rgba-image/common": "^0.1.0"
      }
    },
    "@rgba-image/gray": {
      "version": "0.1.0",
      "resolved": "https://registry.npmjs.org/@rgba-image/gray/-/gray-0.1.0.tgz",
      "integrity": "sha512-+2ggITFf9ZukHHrRugGI8Anb7CyY0IJo/K0Xl5K0LifbSKJZ4mLK9/qt4q/CT2zy73Ru0y57DifbhbllNpVEzw==",
      "requires": {
        "@rgba-image/common": "^0.1.2",
        "@rgba-image/create-image": "^0.1.1"
      }
    },
    "@rgba-image/paste": {
      "version": "0.1.1",
      "resolved": "https://registry.npmjs.org/@rgba-image/paste/-/paste-0.1.1.tgz",
      "integrity": "sha512-ojh0ozPJhpSjd9DbZcmMfYf9hPoPcAtjkJELVmrLPY9/WfQf3TtMhgOpathHu7B+aiU+xSd9Kj35hkhAM6fpRg==",
      "requires": {
        "@rgba-image/common": "^0.1.0"
      }
    },
    "@rgba-image/pixel": {
      "version": "0.1.4",
      "resolved": "https://registry.npmjs.org/@rgba-image/pixel/-/pixel-0.1.4.tgz",
      "integrity": "sha512-JvzMqR87g2aWTEGwmbbigndIGbRphzPI0YO7fQAljh4DJiy69kMeYs61oW/Af+xvsBplBVFXi/MJW0Gc90U1cg==",
      "requires": {
        "@rgba-image/color": "^0.1.0",
        "@rgba-image/common": "^0.1.13"
      }
    },
    "object-fit-math": {
      "version": "1.0.0",
      "resolved": "https://registry.npmjs.org/object-fit-math/-/object-fit-math-1.0.0.tgz",
      "integrity": "sha512-SqsfEKO6OoHR1K3r5E7JpJoloN6Wd5zPZr0QAo0DAI/zjpadPNcajoUhNvrGUcDHDaF8LEQKCgiiz0+p7lVGeg=="
    },
    "path-to-regexp": {
      "version": "3.2.0",
      "resolved": "https://registry.npmjs.org/path-to-regexp/-/path-to-regexp-3.2.0.tgz",
      "integrity": "sha512-jczvQbCUS7XmS7o+y1aEO9OBVFeZBQ1MDSEqmO7xSoPgOPoowY/SxLpZ6Vh97/8qHZOteiCKb7gkG9gA2ZUxJA=="
    }
  }
}
